
Microsoft Visual Studio Solution File, Format Version 12.00
# Visual Studio Version 16
VisualStudioVersion = 16.0.32929.386
MinimumVisualStudioVersion = 10.0.40219.1
Project("{FAE04EC0-301F-11D3-BF4B-00C04F79EFBC}") = "Dynamic_Tables_Project", "Dynamic_Tables_Project\Dynamic_Tables_Project.csproj", "{416A96DC-A980-4AD7-A098-F140FB6BDE19}"
EndProject
Global
	GlobalSection(SolutionConfigurationPlatforms) = preSolution
		Debug|Any CPU = Debug|Any CPU
		Release|Any CPU = Release|Any CPU
	EndGlobalSection
	GlobalSection(ProjectConfigurationPlatforms) = postSolution
		{416A96DC-A980-4AD7-A098-F140FB6BDE19}.Debug|Any CPU.ActiveCfg = Debug|Any CPU
		{416A96DC-A980-4AD7-A098-F140FB6BDE19}.Debug|Any CPU.Build.0 = Debug|Any CPU
		{416A96DC-A980-4AD7-A098-F140FB6BDE19}.Release|Any CPU.ActiveCfg = Release|Any CPU
		{416A96DC-A980-4AD7-A098-F140FB6BDE19}.Release|Any CPU.Build.0 = Release|Any CPU
	EndGlobalSection
	GlobalSection(SolutionProperties) = preSolution
		HideSolutionNode = FALSE
	EndGlobalSection
	GlobalSection(ExtensibilityGlobals) = postSolution
		SolutionGuid = {59954933-FC8C-41F7-88BE-1D876594065E}
	EndGlobalSection
EndGlobal
